// !$*UTF8*$!
{
	archiveVersion = 1;
	classes = {
	};
	objectVersion = 50;
	objects = {

/* Begin PBXBuildFile section */
		7F43E0F1270312380046BA3B /* Landmark.swift in Sources */ = {isa = PBXBuildFile; fileRef = 7F43E0F0270312380046BA3B /* Landmark.swift */; };
		7F43E0F3270312C50046BA3B /* landmarkData.json in Resources */ = {isa = PBXBuildFile; fileRef = 7F43E0F2270312C40046BA3B /* landmarkData.json */; };
		7F43E0F52703143D0046BA3B /* ModelData.swift in Sources */ = {isa = PBXBuildFile; fileRef = 7F43E0F42703143D0046BA3B /* ModelData.swift */; };
		7F43E0FD270316C60046BA3B /* LandmarkRow.swift in Sources */ = {isa = PBXBuildFile; fileRef = 7F43E0FC270316C60046BA3B /* LandmarkRow.swift */; };
		7F43E0FF2703203B0046BA3B /* LandmarkList.swift in Sources */ = {isa = PBXBuildFile; fileRef = 7F43E0FE2703203B0046BA3B /* LandmarkList.swift */; };
		7F43E101270322840046BA3B /* LandmarkDetail.swift in Sources */ = {isa = PBXBuildFile; fileRef = 7F43E100270322840046BA3B /* LandmarkDetail.swift */; };
		7F4F440D2702FC290086CD2A /* CircleImage.swift in Sources */ = {isa = PBXBuildFile; fileRef = 7F4F440C2702FC290086CD2A /* CircleImage.swift */; };
		7F4F4411270303A90086CD2A /* MapView.swift in Sources */ = {isa = PBXBuildFile; fileRef = 7F4F4410270303A90086CD2A /* MapView.swift */; };
		7F6C3AA026EEE71300BDF398 /* LandmarkApp.swift in Sources */ = {isa = PBXBuildFile; fileRef = 7F6C3A9F26EEE71300BDF398 /* LandmarkApp.swift */; };
		7F6C3AA226EEE71300BDF398 /* ContentView.swift in Sources */ = {isa = PBXBuildFile; fileRef = 7F6C3AA126EEE71300BDF398 /* ContentView.swift */; };
		7F6C3AA426EEE71600BDF398 /* Assets.xcassets in Resources */ = {isa = PBXBuildFile; fileRef = 7F6C3AA326EEE71600BDF398 /* Assets.xcassets */; };
		7F6C3AA726EEE71600BDF398 /* Preview Assets.xcassets in Resources */ = {isa = PBXBuildFile; fileRef = 7F6C3AA626EEE71600BDF398 /* Preview Assets.xcassets */; };
/* End PBXBuildFile section */

/* Begin PBXFileReference section */
		7F43E0F0270312380046BA3B /* Landmark.swift */ = {isa = PBXFileReference; lastKnownFileType = sourcecode.swift; path = Landmark.swift; sourceTree = "<group>"; };
		7F43E0F2270312C40046BA3B /* landmarkData.json */ = {isa = PBXFileReference; fileEncoding = 4; lastKnownFileType = text.json; path = landmarkData.json; sourceTree = "<group>"; };
		7F43E0F42703143D0046BA3B /* ModelData.swift */ = {isa = PBXFileReference; lastKnownFileType = sourcecode.swift; path = ModelData.swift; sourceTree = "<group>"; };
		7F43E0FC270316C60046BA3B /* LandmarkRow.swift */ = {isa = PBXFileReference; lastKnownFileType = sourcecode.swift; path = LandmarkRow.swift; sourceTree = "<group>"; };
		7F43E0FE2703203B0046BA3B /* LandmarkList.swift */ = {isa = PBXFileReference; lastKnownFileType = sourcecode.swift; path = LandmarkList.swift; sourceTree = "<group>"; };
		7F43E100270322840046BA3B /* LandmarkDetail.swift */ = {isa = PBXFileReference; lastKnownFileType = sourcecode.swift; path = LandmarkDetail.swift; sourceTree = "<group>"; };
		7F4F440C2702FC290086CD2A /* CircleImage.swift */ = {isa = PBXFileReference; lastKnownFileType = sourcecode.swift; path = CircleImage.swift; sourceTree = "<group>"; };
		7F4F4410270303A90086CD2A /* MapView.swift */ = {isa = PBXFileReference; lastKnownFileType = sourcecode.swift; path = MapView.swift; sourceTree = "<group>"; };
		7F6C3A9C26EEE71300BDF398 /* Landmark.app */ = {isa = PBXFileReference; explicitFileType = wrapper.application; includeInIndex = 0; path = Landmark.app; sourceTree = BUILT_PRODUCTS_DIR; };
		7F6C3A9F26EEE71300BDF398 /* LandmarkApp.swift */ = {isa = PBXFileReference; lastKnownFileType = sourcecode.swift; path = LandmarkApp.swift; sourceTree = "<group>"; };
		7F6C3AA126EEE71300BDF398 /* ContentView.swift */ = {isa = PBXFileReference; lastKnownFileType = sourcecode.swift; path = ContentView.swift; sourceTree = "<group>"; };
		7F6C3AA326EEE71600BDF398 /* Assets.xcassets */ = {isa = PBXFileReference; lastKnownFileType = folder.assetcatalog; path = Assets.xcassets; sourceTree = "<group>"; };
		7F6C3AA626EEE71600BDF398 /* Preview Assets.xcassets */ = {isa = PBXFileReference; lastKnownFileType = folder.assetcatalog; path = "Preview Assets.xcassets"; sourceTree = "<group>"; };
		7F6C3AA826EEE71600BDF398 /* Info.plist */ = {isa = PBXFileReference; lastKnownFileType = text.plist.xml; path = Info.plist; sourceTree = "<group>"; };
/* End PBXFileReference section */

/* Begin PBXFrameworksBuildPhase section */
		7F6C3A9926EEE71300BDF398 /* Frameworks */ = {
			isa = PBXFrameworksBuildPhase;
			buildActionMask = 2147483647;
			files = (
			);
			runOnlyForDeploymentPostprocessing = 0;
		};
/* End PBXFrameworksBuildPhase section */

/* Begin PBXGroup section */
		7F43E0F6270315A80046BA3B /* Views */ = {
			isa = PBXGroup;
			children = (
				7F4F4410270303A90086CD2A /* MapView.swift */,
				7F4F440C2702FC290086CD2A /* CircleImage.swift */,
				7F6C3AA126EEE71300BDF398 /* ContentView.swift */,
				7F43E0FC270316C60046BA3B /* LandmarkRow.swift */,
				7F43E0FE2703203B0046BA3B /* LandmarkList.swift */,
				7F43E100270322840046BA3B /* LandmarkDetail.swift */,
			);
			path = Views;
			sourceTree = "<group>";
		};
		7F43E0F7270315D90046BA3B /* Model */ = {
			isa = PBXGroup;
			children = (
				7F43E0F0270312380046BA3B /* Landmark.swift */,
				7F43E0F42703143D0046BA3B /* ModelData.swift */,
			);
			path = Model;
			sourceTree = "<group>";
		};
		7F43E0F8270315ED0046BA3B /* Resources */ = {
			isa = PBXGroup;
			children = (
				7F43E0F2270312C40046BA3B /* landmarkData.json */,
			);
			path = Resources;
			sourceTree = "<group>";
		};
		7F6C3A9326EEE71300BDF398 = {
			isa = PBXGroup;
			children = (
				7F6C3A9E26EEE71300BDF398 /* Landmark */,
				7F6C3A9D26EEE71300BDF398 /* Products */,
			);
			sourceTree = "<group>";
		};
		7F6C3A9D26EEE71300BDF398 /* Products */ = {
			isa = PBXGroup;
			children = (
				7F6C3A9C26EEE71300BDF398 /* Landmark.app */,
			);
			name = Products;
			sourceTree = "<group>";
		};
		7F6C3A9E26EEE71300BDF398 /* Landmark */ = {
			isa = PBXGroup;
			children = (
				7F43E0F8270315ED0046BA3B /* Resources */,
				7F43E0F7270315D90046BA3B /* Model */,
				7F43E0F6270315A80046BA3B /* Views */,
				7F6C3A9F26EEE71300BDF398 /* LandmarkApp.swift */,
				7F6C3AA326EEE71600BDF398 /* Assets.xcassets */,
				7F6C3AA826EEE71600BDF398 /* Info.plist */,
				7F6C3AA526EEE71600BDF398 /* Preview Content */,
			);
			path = Landmark;
			sourceTree = "<group>";
		};
		7F6C3AA526EEE71600BDF398 /* Preview Content */ = {
			isa = PBXGroup;
			children = (
				7F6C3AA626EEE71600BDF398 /* Preview Assets.xcassets */,
			);
			path = "Preview Content";
			sourceTree = "<group>";
		};
/* End PBXGroup section */

/* Begin PBXNativeTarget section */
		7F6C3A9B26EEE71300BDF398 /* Landmark */ = {
			isa = PBXNativeTarget;
			buildConfigurationList = 7F6C3AAB26EEE71600BDF398 /* Build configuration list for PBXNativeTarget "Landmark" */;
			buildPhases = (
				7F6C3A9826EEE71300BDF398 /* Sources */,
				7F6C3A9926EEE71300BDF398 /* Frameworks */,
				7F6C3A9A26EEE71300BDF398 /* Resources */,
			);
			buildRules = (
			);
			dependencies = (
			);
			name = Landmark;
			productName = Landmark;
			productReference = 7F6C3A9C26EEE71300BDF398 /* Landmark.app */;
			productType = "com.apple.product-type.application";
		};
/* End PBXNativeTarget section */

/* Begin PBXProject section */
		7F6C3A9426EEE71300BDF398 /* Project object */ = {
			isa = PBXProject;
			attributes = {
				LastSwiftUpdateCheck = 1250;
				LastUpgradeCheck = 1250;
				TargetAttributes = {
					7F6C3A9B26EEE71300BDF398 = {
						CreatedOnToolsVersion = 12.5.1;
					};
				};
			};
			buildConfigurationList = 7F6C3A9726EEE71300BDF398 /* Build configuration list for PBXProject "Landmark" */;
			compatibilityVersion = "Xcode 9.3";
			developmentRegion = en;
			hasScannedForEncodings = 0;
			knownRegions = (
				en,
				Base,
			);
			mainGroup = 7F6C3A9326EEE71300BDF398;
			productRefGroup = 7F6C3A9D26EEE71300BDF398 /* Products */;
			projectDirPath = "";
			projectRoot = "";
			targets = (
				7F6C3A9B26EEE71300BDF398 /* Landmark */,
			);
		};
/* End PBXProject section */

/* Begin PBXResourcesBuildPhase section */
		7F6C3A9A26EEE71300BDF398 /* Resources */ = {
			isa = PBXResourcesBuildPhase;
			buildActionMask = 2147483647;
			files = (
				7F6C3AA726EEE71600BDF398 /* Preview Assets.xcassets in Resources */,
				7F6C3AA426EEE71600BDF398 /* Assets.xcassets in Resources */,
				7F43E0F3270312C50046BA3B /* landmarkData.json in Resources */,
			);
			runOnlyForDeploymentPostprocessing = 0;
		};
/* End PBXResourcesBuildPhase section */

/* Begin PBXSourcesBuildPhase section */
		7F6C3A9826EEE71300BDF398 /* Sources */ = {
			isa = PBXSourcesBuildPhase;
			buildActionMask = 2147483647;
			files = (
				7F6C3AA226EEE71300BDF398 /* ContentView.swift in Sources */,
				7F4F4411270303A90086CD2A /* MapView.swift in Sources */,
				7F6C3AA026EEE71300BDF398 /* LandmarkApp.swift in Sources */,
				7F43E0FF2703203B0046BA3B /* LandmarkList.swift in Sources */,
				7F43E101270322840046BA3B /* LandmarkDetail.swift in Sources */,
				7F4F440D2702FC290086CD2A /* CircleImage.swift in Sources */,
				7F43E0F1270312380046BA3B /* Landmark.swift in Sources */,
				7F43E0FD270316C60046BA3B /* LandmarkRow.swift in Sources */,
				7F43E0F52703143D0046BA3B /* ModelData.swift in Sources */,
			);
			runOnlyForDeploymentPostprocessing = 0;
		};
/* End PBXSourcesBuildPhase section */

/* Begin XCBuildConfiguration section */
		7F6C3AA926EEE71600BDF398 /* Debug */ = {
			isa = XCBuildConfiguration;
			buildSettings = {
				ALWAYS_SEARCH_USER_PATHS = NO;
				CLANG_ANALYZER_NONNULL = YES;
				CLANG_ANALYZER_NUMBER_OBJECT_CONVERSION = YES_AGGRESSIVE;
				CLANG_CXX_LANGUAGE_STANDARD = "gnu++14";
				CLANG_CXX_LIBRARY = "libc++";
				CLANG_ENABLE_MODULES = YES;
				CLANG_ENABLE_OBJC_ARC = YES;
				CLANG_ENABLE_OBJC_WEAK = YES;
				CLANG_WARN_BLOCK_CAPTURE_AUTORELEASING = YES;
				CLANG_WARN_BOOL_CONVERSION = YES;
				CLANG_WARN_COMMA = YES;
				CLANG_WARN_CONSTANT_CONVERSION = YES;
				CLANG_WARN_DEPRECATED_OBJC_IMPLEMENTATIONS = YES;
				CLANG_WARN_DIRECT_OBJC_ISA_USAGE = YES_ERROR;
				CLANG_WARN_DOCUMENTATION_COMMENTS = YES;
				CLANG_WARN_EMPTY_BODY = YES;
				CLANG_WARN_ENUM_CONVERSION = YES;
				CLANG_WARN_INFINITE_RECURSION = YES;
				CLANG_WARN_INT_CONVERSION = YES;
				CLANG_WARN_NON_LITERAL_NULL_CONVERSION = YES;
				CLANG_WARN_OBJC_IMPLICIT_RETAIN_SELF = YES;
				CLANG_WARN_OBJC_LITERAL_CONVERSION = YES;
				CLANG_WARN_OBJC_ROOT_CLASS = YES_ERROR;
				CLANG_WARN_QUOTED_INCLUDE_IN_FRAMEWORK_HEADER = YES;
				CLANG_WARN_RANGE_LOOP_ANALYSIS = YES;
				CLANG_WARN_STRICT_PROTOTYPES = YES;
				CLANG_WARN_SUSPICIOUS_MOVE = YES;
				CLANG_WARN_UNGUARDED_AVAILABILITY = YES_AGGRESSIVE;
				CLANG_WARN_UNREACHABLE_CODE = YES;
				CLANG_WARN__DUPLICATE_METHOD_MATCH = YES;
				COPY_PHASE_STRIP = NO;
				DEBUG_INFORMATION_FORMAT = dwarf;
				ENABLE_STRICT_OBJC_MSGSEND = YES;
				ENABLE_TESTABILITY = YES;
				GCC_C_LANGUAGE_STANDARD = gnu11;
				GCC_DYNAMIC_NO_PIC = NO;
				GCC_NO_COMMON_BLOCKS = YES;
				GCC_OPTIMIZATION_LEVEL = 0;
				GCC_PREPROCESSOR_DEFINITIONS = (
					"DEBUG=1",
					"$(inherited)",
				);
				GCC_WARN_64_TO_32_BIT_CONVERSION = YES;
				GCC_WARN_ABOUT_RETURN_TYPE = YES_ERROR;
				GCC_WARN_UNDECLARED_SELECTOR = YES;
				GCC_WARN_UNINITIALIZED_AUTOS = YES_AGGRESSIVE;
				GCC_WARN_UNUSED_FUNCTION = YES;
				GCC_WARN_UNUSED_VARIABLE = YES;
				IPHONEOS_DEPLOYMENT_TARGET = 14.5;
				MTL_ENABLE_DEBUG_INFO = INCLUDE_SOURCE;
				MTL_FAST_MATH = YES;
				ONLY_ACTIVE_ARCH = YES;
				SDKROOT = iphoneos;
				SWIFT_ACTIVE_COMPILATION_CONDITIONS = DEBUG;
				SWIFT_OPTIMIZATION_LEVEL = "-Onone";
			};
			name = Debug;
		};
		7F6C3AAA26EEE71600BDF398 /* Release */ = {
			isa = XCBuildConfiguration;
			buildSettings = {
				ALWAYS_SEARCH_USER_PATHS = NO;
				CLANG_ANALYZER_NONNULL = YES;
				CLANG_ANALYZER_NUMBER_OBJECT_CONVERSION = YES_AGGRESSIVE;
				CLANG_CXX_LANGUAGE_STANDARD = "gnu++14";
				CLANG_CXX_LIBRARY = "libc++";
				CLANG_ENABLE_MODULES = YES;
				CLANG_ENABLE_OBJC_ARC = YES;
				CLANG_ENABLE_OBJC_WEAK = YES;
				CLANG_WARN_BLOCK_CAPTURE_AUTORELEASING = YES;
				CLANG_WARN_BOOL_CONVERSION = YES;
				CLANG_WARN_COMMA = YES;
				CLANG_WARN_CONSTANT_CONVERSION = YES;
				CLANG_WARN_DEPRECATED_OBJC_IMPLEMENTATIONS = YES;
				CLANG_WARN_DIRECT_OBJC_ISA_USAGE = YES_ERROR;
				CLANG_WARN_DOCUMENTATION_COMMENTS = YES;
				CLANG_WARN_EMPTY_BODY = YES;
				CLANG_WARN_ENUM_CONVERSION = YES;
				CLANG_WARN_INFINITE_RECURSION = YES;
				CLANG_WARN_INT_CONVERSION = YES;
				CLANG_WARN_NON_LITERAL_NULL_CONVERSION = YES;
				CLANG_WARN_OBJC_IMPLICIT_RETAIN_SELF = YES;
				CLANG_WARN_OBJC_LITERAL_CONVERSION = YES;
				CLANG_WARN_OBJC_ROOT_CLASS = YES_ERROR;
				CLANG_WARN_QUOTED_INCLUDE_IN_FRAMEWORK_HEADER = YES;
				CLANG_WARN_RANGE_LOOP_ANALYSIS = YES;
				CLANG_WARN_STRICT_PROTOTYPES = YES;
				CLANG_WARN_SUSPICIOUS_MOVE = YES;
				CLANG_WARN_UNGUARDED_AVAILABILITY = YES_AGGRESSIVE;
				CLANG_WARN_UNREACHABLE_CODE = YES;
				CLANG_WARN__DUPLICATE_METHOD_MATCH = YES;
				COPY_PHASE_STRIP = NO;
				DEBUG_INFORMATION_FORMAT = "dwarf-with-dsym";
				ENABLE_NS_ASSERTIONS = NO;
				ENABLE_STRICT_OBJC_MSGSEND = YES;
				GCC_C_LANGUAGE_STANDARD = gnu11;
				GCC_NO_COMMON_BLOCKS = YES;
				GCC_WARN_64_TO_32_BIT_CONVERSION = YES;
				GCC_WARN_ABOUT_RETURN_TYPE = YES_ERROR;
				GCC_WARN_UNDECLARED_SELECTOR = YES;
				GCC_WARN_UNINITIALIZED_AUTOS = YES_AGGRESSIVE;
				GCC_WARN_UNUSED_FUNCTION = YES;
				GCC_WARN_UNUSED_VARIABLE = YES;
				IPHONEOS_DEPLOYMENT_TARGET = 14.5;
				MTL_ENABLE_DEBUG_INFO = NO;
				MTL_FAST_MATH = YES;
				SDKROOT = iphoneos;
				SWIFT_COMPILATION_MODE = wholemodule;
				SWIFT_OPTIMIZATION_LEVEL = "-O";
				VALIDATE_PRODUCT = YES;
			};
			name = Release;
		};
		7F6C3AAC26EEE71600BDF398 /* Debug */ = {
			isa = XCBuildConfiguration;
			buildSettings = {
				ASSETCATALOG_COMPILER_APPICON_NAME = AppIcon;
				ASSETCATALOG_COMPILER_GLOBAL_ACCENT_COLOR_NAME = AccentColor;
				CODE_SIGN_STYLE = Automatic;
				DEVELOPMENT_ASSET_PATHS = "\"Landmark/Preview Content\"";
				DEVELOPMENT_TEAM = WX488TK3G3;
				ENABLE_PREVIEWS = YES;
				INFOPLIST_FILE = Landmark/Info.plist;
				IPHONEOS_DEPLOYMENT_TARGET = 14.0;
				LD_RUNPATH_SEARCH_PATHS = (
					"$(inherited)",
					"@executable_path/Frameworks",
				);
				PRODUCT_BUNDLE_IDENTIFIER = edu.rahmanarif.Landmark;
				PRODUCT_NAME = "$(TARGET_NAME)";
				SWIFT_VERSION = 5.0;
				TARGETED_DEVICE_FAMILY = "1,2";
			};
			name = Debug;
		};
		7F6C3AAD26EEE71600BDF398 /* Release */ = {
			isa = XCBuildConfiguration;
			buildSettings = {
				ASSETCATALOG_COMPILER_APPICON_NAME = AppIcon;
				ASSETCATALOG_COMPILER_GLOBAL_ACCENT_COLOR_NAME = AccentColor;
				CODE_SIGN_STYLE = Automatic;
				DEVELOPMENT_ASSET_PATHS = "\"Landmark/Preview Content\"";
				DEVELOPMENT_TEAM = WX488TK3G3;
				ENABLE_PREVIEWS = YES;
				INFOPLIST_FILE = Landmark/Info.plist;
				IPHONEOS_DEPLOYMENT_TARGET = 14.0;
				LD_RUNPATH_SEARCH_PATHS = (
					"$(inherited)",
					"@executable_path/Frameworks",
				);
				PRODUCT_BUNDLE_IDENTIFIER = edu.rahmanarif.Landmark;
				PRODUCT_NAME = "$(TARGET_NAME)";
				SWIFT_VERSION = 5.0;
				TARGETED_DEVICE_FAMILY = "1,2";
			};
			name = Release;
		};
/* End XCBuildConfiguration section */

/* Begin XCConfigurationList section */
		7F6C3A9726EEE71300BDF398 /* Build configuration list for PBXProject "Landmark" */ = {
			isa = XCConfigurationList;
			buildConfigurations = (
				7F6C3AA926EEE71600BDF398 /* Debug */,
				7F6C3AAA26EEE71600BDF398 /* Release */,
			);
			defaultConfigurationIsVisible = 0;
			defaultConfigurationName = Release;
		};
		7F6C3AAB26EEE71600BDF398 /* Build configuration list for PBXNativeTarget "Landmark" */ = {
			isa = XCConfigurationList;
			buildConfigurations = (
				7F6C3AAC26EEE71600BDF398 /* Debug */,
				7F6C3AAD26EEE71600BDF398 /* Release */,
			);
			defaultConfigurationIsVisible = 0;
			defaultConfigurationName = Release;
		};
/* End XCConfigurationList section */
	};
	rootObject = 7F6C3A9426EEE71300BDF398 /* Project object */;
}
